
Microsoft Visual Studio Solution File, Format Version 12.00
# Visual Studio Version 17
VisualStudioVersion = 17.4.33103.184
MinimumVisualStudioVersion = 10.0.40219.1
Project("{FAE04EC0-301F-11D3-BF4B-00C04F79EFBC}") = "OggettoApp.Android", "OggettoApp\OggettoApp.Android\OggettoApp.Android.csproj", "{50000FA0-F5C8-4D87-8109-68E6E0BAF750}"
EndProject
Project("{FAE04EC0-301F-11D3-BF4B-00C04F79EFBC}") = "OggettoApp.iOS", "OggettoApp\OggettoApp.iOS\OggettoApp.iOS.csproj", "{7D2675FD-84E6-41A0-8095-F68A460B4742}"
EndProject
Project("{FAE04EC0-301F-11D3-BF4B-00C04F79EFBC}") = "OggettoApp", "OggettoApp\OggettoApp\OggettoApp.csproj", "{00F578A4-7DED-41E8-AAB2-80AEF737F9C4}"
EndProject
Global
	GlobalSection(SolutionConfigurationPlatforms) = preSolution
		Debug|Any CPU = Debug|Any CPU
		Debug|iPhone = Debug|iPhone
		Debug|iPhoneSimulator = Debug|iPhoneSimulator
		Release|Any CPU = Release|Any CPU
		Release|iPhone = Release|iPhone
		Release|iPhoneSimulator = Release|iPhoneSimulator
	EndGlobalSection
	GlobalSection(ProjectConfigurationPlatforms) = postSolution
		{50000FA0-F5C8-4D87-8109-68E6E0BAF750}.Debug|Any CPU.ActiveCfg = Debug|Any CPU
		{50000FA0-F5C8-4D87-8109-68E6E0BAF750}.Debug|Any CPU.Build.0 = Debug|Any CPU
		{50000FA0-F5C8-4D87-8109-68E6E0BAF750}.Debug|Any CPU.Deploy.0 = Debug|Any CPU
		{50000FA0-F5C8-4D87-8109-68E6E0BAF750}.Debug|iPhone.ActiveCfg = Debug|Any CPU
		{50000FA0-F5C8-4D87-8109-68E6E0BAF750}.Debug|iPhone.Build.0 = Debug|Any CPU
		{50000FA0-F5C8-4D87-8109-68E6E0BAF750}.Debug|iPhone.Deploy.0 = Debug|Any CPU
		{50000FA0-F5C8-4D87-8109-68E6E0BAF750}.Debug|iPhoneSimulator.ActiveCfg = Debug|Any CPU
		{50000FA0-F5C8-4D87-8109-68E6E0BAF750}.Debug|iPhoneSimulator.Build.0 = Debug|Any CPU
		{50000FA0-F5C8-4D87-8109-68E6E0BAF750}.Debug|iPhoneSimulator.Deploy.0 = Debug|Any CPU
		{50000FA0-F5C8-4D87-8109-68E6E0BAF750}.Release|Any CPU.ActiveCfg = Release|Any CPU
		{50000FA0-F5C8-4D87-8109-68E6E0BAF750}.Release|Any CPU.Build.0 = Release|Any CPU
		{50000FA0-F5C8-4D87-8109-68E6E0BAF750}.Release|Any CPU.Deploy.0 = Release|Any CPU
		{50000FA0-F5C8-4D87-8109-68E6E0BAF750}.Release|iPhone.ActiveCfg = Release|Any CPU
		{50000FA0-F5C8-4D87-8109-68E6E0BAF750}.Release|iPhone.Build.0 = Release|Any CPU
		{50000FA0-F5C8-4D87-8109-68E6E0BAF750}.Release|iPhone.Deploy.0 = Release|Any CPU
		{50000FA0-F5C8-4D87-8109-68E6E0BAF750}.Release|iPhoneSimulator.ActiveCfg = Release|Any CPU
		{50000FA0-F5C8-4D87-8109-68E6E0BAF750}.Release|iPhoneSimulator.Build.0 = Release|Any CPU
		{50000FA0-F5C8-4D87-8109-68E6E0BAF750}.Release|iPhoneSimulator.Deploy.0 = Release|Any CPU
		{7D2675FD-84E6-41A0-8095-F68A460B4742}.Debug|Any CPU.ActiveCfg = Debug|iPhone
		{7D2675FD-84E6-41A0-8095-F68A460B4742}.Debug|Any CPU.Build.0 = Debug|iPhone
		{7D2675FD-84E6-41A0-8095-F68A460B4742}.Debug|Any CPU.Deploy.0 = Debug|iPhone
		{7D2675FD-84E6-41A0-8095-F68A460B4742}.Debug|iPhone.ActiveCfg = Debug|iPhone
		{7D2675FD-84E6-41A0-8095-F68A460B4742}.Debug|iPhone.Build.0 = Debug|iPhone
		{7D2675FD-84E6-41A0-8095-F68A460B4742}.Debug|iPhone.Deploy.0 = Debug|iPhone
		{7D2675FD-84E6-41A0-8095-F68A460B4742}.Debug|iPhoneSimulator.ActiveCfg = Debug|iPhoneSimulator
		{7D2675FD-84E6-41A0-8095-F68A460B4742}.Debug|iPhoneSimulator.Build.0 = Debug|iPhoneSimulator
		{7D2675FD-84E6-41A0-8095-F68A460B4742}.Debug|iPhoneSimulator.Deploy.0 = Debug|iPhoneSimulator
		{7D2675FD-84E6-41A0-8095-F68A460B4742}.Release|Any CPU.ActiveCfg = Release|iPhoneSimulator
		{7D2675FD-84E6-41A0-8095-F68A460B4742}.Release|Any CPU.Build.0 = Release|iPhoneSimulator
		{7D2675FD-84E6-41A0-8095-F68A460B4742}.Release|Any CPU.Deploy.0 = Release|iPhoneSimulator
		{7D2675FD-84E6-41A0-8095-F68A460B4742}.Release|iPhone.ActiveCfg = Release|iPhone
		{7D2675FD-84E6-41A0-8095-F68A460B4742}.Release|iPhone.Build.0 = Release|iPhone
		{7D2675FD-84E6-41A0-8095-F68A460B4742}.Release|iPhone.Deploy.0 = Release|iPhone
		{7D2675FD-84E6-41A0-8095-F68A460B4742}.Release|iPhoneSimulator.ActiveCfg = Release|iPhoneSimulator
		{7D2675FD-84E6-41A0-8095-F68A460B4742}.Release|iPhoneSimulator.Build.0 = Release|iPhoneSimulator
		{7D2675FD-84E6-41A0-8095-F68A460B4742}.Release|iPhoneSimulator.Deploy.0 = Release|iPhoneSimulator
		{00F578A4-7DED-41E8-AAB2-80AEF737F9C4}.Debug|Any CPU.ActiveCfg = Debug|Any CPU
		{00F578A4-7DED-41E8-AAB2-80AEF737F9C4}.Debug|Any CPU.Build.0 = Debug|Any CPU
		{00F578A4-7DED-41E8-AAB2-80AEF737F9C4}.Debug|Any CPU.Deploy.0 = Debug|Any CPU
		{00F578A4-7DED-41E8-AAB2-80AEF737F9C4}.Debug|iPhone.ActiveCfg = Debug|Any CPU
		{00F578A4-7DED-41E8-AAB2-80AEF737F9C4}.Debug|iPhone.Build.0 = Debug|Any CPU
		{00F578A4-7DED-41E8-AAB2-80AEF737F9C4}.Debug|iPhone.Deploy.0 = Debug|Any CPU
		{00F578A4-7DED-41E8-AAB2-80AEF737F9C4}.Debug|iPhoneSimulator.ActiveCfg = Debug|Any CPU
		{00F578A4-7DED-41E8-AAB2-80AEF737F9C4}.Debug|iPhoneSimulator.Build.0 = Debug|Any CPU
		{00F578A4-7DED-41E8-AAB2-80AEF737F9C4}.Debug|iPhoneSimulator.Deploy.0 = Debug|Any CPU
		{00F578A4-7DED-41E8-AAB2-80AEF737F9C4}.Release|Any CPU.ActiveCfg = Release|Any CPU
		{00F578A4-7DED-41E8-AAB2-80AEF737F9C4}.Release|Any CPU.Build.0 = Release|Any CPU
		{00F578A4-7DED-41E8-AAB2-80AEF737F9C4}.Release|Any CPU.Deploy.0 = Release|Any CPU
		{00F578A4-7DED-41E8-AAB2-80AEF737F9C4}.Release|iPhone.ActiveCfg = Release|Any CPU
		{00F578A4-7DED-41E8-AAB2-80AEF737F9C4}.Release|iPhone.Build.0 = Release|Any CPU
		{00F578A4-7DED-41E8-AAB2-80AEF737F9C4}.Release|iPhone.Deploy.0 = Release|Any CPU
		{00F578A4-7DED-41E8-AAB2-80AEF737F9C4}.Release|iPhoneSimulator.ActiveCfg = Release|Any CPU
		{00F578A4-7DED-41E8-AAB2-80AEF737F9C4}.Release|iPhoneSimulator.Build.0 = Release|Any CPU
		{00F578A4-7DED-41E8-AAB2-80AEF737F9C4}.Release|iPhoneSimulator.Deploy.0 = Release|Any CPU
	EndGlobalSection
	GlobalSection(SolutionProperties) = preSolution
		HideSolutionNode = FALSE
	EndGlobalSection
	GlobalSection(ExtensibilityGlobals) = postSolution
		SolutionGuid = {084B2970-19ED-48A9-A59F-C45AD08A9CFD}
	EndGlobalSection
EndGlobal
